{
  "name": "gann-sdk-quic-native",
  "version": "0.1.1",
  "lockfileVersion": 3,
  "requires": true,
  "packages": {
    "": {
      "name": "gann-sdk-quic-native",
      "version": "0.1.1",
      "license": "Apache-2.0",
      "devDependencies": {
        "@napi-rs/cli": "^2.18.4"
      },
      "optionalDependencies": {
        "gann-sdk-quic-native-darwin-x64": "0.1.1",
        "gann-sdk-quic-native-linux-x64-gnu": "0.1.1",
        "gann-sdk-quic-native-win32-x64-msvc": "0.1.1"
      }
    },
    "node_modules/@napi-rs/cli": {
      "version": "2.18.4",
      "resolved": "https://registry.npmjs.org/@napi-rs/cli/-/cli-2.18.4.tgz",
      "integrity": "sha512-SgJeA4df9DE2iAEpr3M2H0OKl/yjtg1BnRI5/JyowS71tUWhrfSu2LT0V3vlHET+g1hBVlrO60PmEXwUEKp8Mg==",
      "dev": true,
      "bin": {
        "napi": "scripts/index.js"
      },
      "engines": {
        "node": ">= 10"
      },
      "funding": {
        "type": "github",
        "url": "https://github.com/sponsors/Brooooooklyn"
      }
    },
    "node_modules/gann-sdk-quic-native-darwin-x64": {
      "version": "0.1.1",
      "resolved": "https://registry.npmjs.org/gann-sdk-quic-native-darwin-x64/-/gann-sdk-quic-native-darwin-x64-0.1.1.tgz",
      "integrity": "sha512-I33+BMcl+EcMoQvq1KwJ+roTGM2YuxWWbU1cTr8ULndUQLMjC4mov+WSJdbULhklD46BZwF9uEufhcnnkGqitQ==",
      "cpu": [
        "x64"
      ],
      "optional": true,
      "os": [
        "darwin"
      ]
    },
    "node_modules/gann-sdk-quic-native-linux-x64-gnu": {
      "version": "0.1.1",
      "resolved": "https://registry.npmjs.org/gann-sdk-quic-native-linux-x64-gnu/-/gann-sdk-quic-native-linux-x64-gnu-0.1.1.tgz",
      "integrity": "sha512-uCrZCuvvPxqc1mOleQcaFT5ithX1prJmhX1yOp4p2hoMdEBe/W+fCBta+brN3e4XFVxvOqBqqxwYskMhjgUHDg==",
      "cpu": [
        "x64"
      ],
      "optional": true,
      "os": [
        "linux"
      ]
    },
    "node_modules/gann-sdk-quic-native-win32-x64-msvc": {
      "version": "0.1.1",
      "resolved": "https://registry.npmjs.org/gann-sdk-quic-native-win32-x64-msvc/-/gann-sdk-quic-native-win32-x64-msvc-0.1.1.tgz",
      "integrity": "sha512-1+ZPdNchjMjBuh5PgHKBG2qI3M1DwmPY1Ac4Jtt2Oabmcb8zIQixjJKm9nn15KL6HHQiOetj5bXGiDHIvVJVfQ==",
      "cpu": [
        "x64"
      ],
      "optional": true,
      "os": [
        "win32"
      ]
    }
  }
}
